<?xml version="1.0" encoding="utf-8"?>
<Project ToolsVersion="4.0" xmlns="http://schemas.microsoft.com/developer/msbuild/2003">
  <ItemGroup>
    <Filter Include="Source Files">
      <UniqueIdentifier>{4FC737F1-C7A5-4376-A066-2A32D752A2FF}</UniqueIdentifier>
      <Extensions>cpp;c;cc;cxx;def;odl;idl;hpj;bat;asm;asmx</Extensions>
    </Filter>
    <Filter Include="Header Files">
      <UniqueIdentifier>{93995380-89BD-4b04-88EB-625FBE52EBFB}</UniqueIdentifier>
      <Extensions>h;hh;hpp;hxx;hm;inl;inc;xsd</Extensions>
    </Filter>
    <Filter Include="Resource Files">
      <UniqueIdentifier>{67DA6AB6-F800-4c08-8B7A-83BB121AAD01}</UniqueIdentifier>
      <Extensions>rc;ico;cur;bmp;dlg;rc2;rct;bin;rgs;gif;jpg;jpeg;jpe;resx;tiff;tif;png;wav;mfcribbon-ms</Extensions>
    </Filter>
    <Filter Include="Resource Files\Fragment">
      <UniqueIdentifier>{6d7308a7-83b8-4e53-a037-ca2ebc221cc9}</UniqueIdentifier>
    </Filter>
    <Filter Include="Resource Files\Vertex">
      <UniqueIdentifier>{cb6cdbe3-6b25-4531-9568-9e8bfdb87111}</UniqueIdentifier>
    </Filter>
  </ItemGroup>
  <ItemGroup>
    <ClCompile Include="Source.cpp">
      <Filter>Source Files</Filter>
    </ClCompile>
    <ClCompile Include="D:\Inbox\Downloads\glad\src\glad.c">
      <Filter>Source Files</Filter>
    </ClCompile>
    <ClCompile Include="Source - (1).cpp">
      <Filter>Source Files</Filter>
    </ClCompile>
    <ClCompile Include="Source - (2).cpp">
      <Filter>Source Files</Filter>
    </ClCompile>
    <ClCompile Include="Source - transforms.cpp">
      <Filter>Source Files</Filter>
    </ClCompile>
  </ItemGroup>
  <ItemGroup>
    <ClInclude Include="Shader.h">
      <Filter>Header Files</Filter>
    </ClInclude>
  </ItemGroup>
  <ItemGroup>
    <Text Include="vertex.vert">
      <Filter>Resource Files\Vertex</Filter>
    </Text>
  </ItemGroup>
  <ItemGroup>
    <None Include="fragment.frag">
      <Filter>Resource Files\Fragment</Filter>
    </None>
  </ItemGroup>
</Project>